// !$*UTF8*$!
{
	archiveVersion = 1;
	classes = {
	};
	objectVersion = 51;
	objects = {

/* Begin PBXBuildFile section */
		313E137021EA2A0800D9A281 /* README.md in Resources */ = {isa = PBXBuildFile; fileRef = 313E136F21EA2A0800D9A281 /* README.md */; };
		313E137721EA30DA00D9A281 /* LutTypeModel.m in Sources */ = {isa = PBXBuildFile; fileRef = 313E137621EA30DA00D9A281 /* LutTypeModel.m */; };
		313E137A21EA31BD00D9A281 /* LutType.swift in Sources */ = {isa = PBXBuildFile; fileRef = 313E137921EA31BD00D9A281 /* LutType.swift */; };
		317AB1A621E9D8B500A04B68 /* AppDelegate.swift in Sources */ = {isa = PBXBuildFile; fileRef = 317AB1A521E9D8B500A04B68 /* AppDelegate.swift */; };
		317AB1A821E9D8B500A04B68 /* Assets.xcassets in Resources */ = {isa = PBXBuildFile; fileRef = 317AB1A721E9D8B500A04B68 /* Assets.xcassets */; };
		317AB1AB21E9D8B500A04B68 /* MainMenu.xib in Resources */ = {isa = PBXBuildFile; fileRef = 317AB1A921E9D8B500A04B68 /* MainMenu.xib */; };
		317AB1B721E9D8B500A04B68 /* IMProcessingXmp_PodTests.swift in Sources */ = {isa = PBXBuildFile; fileRef = 317AB1B621E9D8B500A04B68 /* IMProcessingXmp_PodTests.swift */; };
		31A3D17C235376D8000344AA /* AppDelegate.m in Sources */ = {isa = PBXBuildFile; fileRef = 31A3D17B235376D8000344AA /* AppDelegate.m */; };
		31A3D17F235376D8000344AA /* ViewController.m in Sources */ = {isa = PBXBuildFile; fileRef = 31A3D17E235376D8000344AA /* ViewController.m */; };
		31A3D181235376D9000344AA /* Assets.xcassets in Resources */ = {isa = PBXBuildFile; fileRef = 31A3D180235376D9000344AA /* Assets.xcassets */; };
		31A3D184235376D9000344AA /* Main.storyboard in Resources */ = {isa = PBXBuildFile; fileRef = 31A3D182235376D9000344AA /* Main.storyboard */; };
		31A3D187235376D9000344AA /* main.m in Sources */ = {isa = PBXBuildFile; fileRef = 31A3D186235376D9000344AA /* main.m */; };
		703E3FA100FD6D5F429CC43A /* Pods_XmpObjcTest_Pod.framework in Frameworks */ = {isa = PBXBuildFile; fileRef = 65ECCBE31EB690EA3D9F113E /* Pods_XmpObjcTest_Pod.framework */; };
		C5B1BBBEE503948116ECCA85 /* Pods_IMProcessingXmp_PodTests.framework in Frameworks */ = {isa = PBXBuildFile; fileRef = 68427D29B9A387345C83D62D /* Pods_IMProcessingXmp_PodTests.framework */; };
		EF4619A67F4A9BF39D1E2749 /* Pods_IMProcessingXmp_Pod.framework in Frameworks */ = {isa = PBXBuildFile; fileRef = 38F9E68E7142D8281DF61782 /* Pods_IMProcessingXmp_Pod.framework */; };
/* End PBXBuildFile section */

/* Begin PBXContainerItemProxy section */
		317AB1B321E9D8B500A04B68 /* PBXContainerItemProxy */ = {
			isa = PBXContainerItemProxy;
			containerPortal = 317AB19A21E9D8B400A04B68 /* Project object */;
			proxyType = 1;
			remoteGlobalIDString = 317AB1A121E9D8B500A04B68;
			remoteInfo = "IMProcessingXmp-Pod";
		};
/* End PBXContainerItemProxy section */

/* Begin PBXFileReference section */
		313E136F21EA2A0800D9A281 /* README.md */ = {isa = PBXFileReference; fileEncoding = 4; lastKnownFileType = net.daringfireball.markdown; name = README.md; path = ../../README.md; sourceTree = "<group>"; };
		313E137421EA30DA00D9A281 /* IMProcessingXmp-Pod-Bridging-Header.h */ = {isa = PBXFileReference; lastKnownFileType = sourcecode.c.h; path = "IMProcessingXmp-Pod-Bridging-Header.h"; sourceTree = "<group>"; };
		313E137521EA30DA00D9A281 /* LutTypeModel.h */ = {isa = PBXFileReference; lastKnownFileType = sourcecode.c.h; path = LutTypeModel.h; sourceTree = "<group>"; };
		313E137621EA30DA00D9A281 /* LutTypeModel.m */ = {isa = PBXFileReference; lastKnownFileType = sourcecode.c.objc; path = LutTypeModel.m; sourceTree = "<group>"; };
		313E137921EA31BD00D9A281 /* LutType.swift */ = {isa = PBXFileReference; lastKnownFileType = sourcecode.swift; path = LutType.swift; sourceTree = "<group>"; };
		313E137B21EA39E800D9A281 /* IMProcessingXmp-Pod.entitlements */ = {isa = PBXFileReference; lastKnownFileType = text.plist.entitlements; path = "IMProcessingXmp-Pod.entitlements"; sourceTree = "<group>"; };
		317AB1A221E9D8B500A04B68 /* IMProcessingXmp-Pod.app */ = {isa = PBXFileReference; explicitFileType = wrapper.application; includeInIndex = 0; path = "IMProcessingXmp-Pod.app"; sourceTree = BUILT_PRODUCTS_DIR; };
		317AB1A521E9D8B500A04B68 /* AppDelegate.swift */ = {isa = PBXFileReference; lastKnownFileType = sourcecode.swift; path = AppDelegate.swift; sourceTree = "<group>"; };
		317AB1A721E9D8B500A04B68 /* Assets.xcassets */ = {isa = PBXFileReference; lastKnownFileType = folder.assetcatalog; path = Assets.xcassets; sourceTree = "<group>"; };
		317AB1AA21E9D8B500A04B68 /* Base */ = {isa = PBXFileReference; lastKnownFileType = file.xib; name = Base; path = Base.lproj/MainMenu.xib; sourceTree = "<group>"; };
		317AB1AC21E9D8B500A04B68 /* Info.plist */ = {isa = PBXFileReference; lastKnownFileType = text.plist.xml; path = Info.plist; sourceTree = "<group>"; };
		317AB1AD21E9D8B500A04B68 /* IMProcessingXmp_Pod.entitlements */ = {isa = PBXFileReference; lastKnownFileType = text.plist.entitlements; path = IMProcessingXmp_Pod.entitlements; sourceTree = "<group>"; };
		317AB1B221E9D8B500A04B68 /* IMProcessingXmp-PodTests.xctest */ = {isa = PBXFileReference; explicitFileType = wrapper.cfbundle; includeInIndex = 0; path = "IMProcessingXmp-PodTests.xctest"; sourceTree = BUILT_PRODUCTS_DIR; };
		317AB1B621E9D8B500A04B68 /* IMProcessingXmp_PodTests.swift */ = {isa = PBXFileReference; lastKnownFileType = sourcecode.swift; path = IMProcessingXmp_PodTests.swift; sourceTree = "<group>"; };
		317AB1B821E9D8B500A04B68 /* Info.plist */ = {isa = PBXFileReference; lastKnownFileType = text.plist.xml; path = Info.plist; sourceTree = "<group>"; };
		31A3D178235376D8000344AA /* XmpObjcTest-Pod.app */ = {isa = PBXFileReference; explicitFileType = wrapper.application; includeInIndex = 0; path = "XmpObjcTest-Pod.app"; sourceTree = BUILT_PRODUCTS_DIR; };
		31A3D17A235376D8000344AA /* AppDelegate.h */ = {isa = PBXFileReference; lastKnownFileType = sourcecode.c.h; path = AppDelegate.h; sourceTree = "<group>"; };
		31A3D17B235376D8000344AA /* AppDelegate.m */ = {isa = PBXFileReference; lastKnownFileType = sourcecode.c.objc; path = AppDelegate.m; sourceTree = "<group>"; };
		31A3D17D235376D8000344AA /* ViewController.h */ = {isa = PBXFileReference; lastKnownFileType = sourcecode.c.h; path = ViewController.h; sourceTree = "<group>"; };
		31A3D17E235376D8000344AA /* ViewController.m */ = {isa = PBXFileReference; lastKnownFileType = sourcecode.c.objc; path = ViewController.m; sourceTree = "<group>"; };
		31A3D180235376D9000344AA /* Assets.xcassets */ = {isa = PBXFileReference; lastKnownFileType = folder.assetcatalog; path = Assets.xcassets; sourceTree = "<group>"; };
		31A3D183235376D9000344AA /* Base */ = {isa = PBXFileReference; lastKnownFileType = file.storyboard; name = Base; path = Base.lproj/Main.storyboard; sourceTree = "<group>"; };
		31A3D185235376D9000344AA /* Info.plist */ = {isa = PBXFileReference; lastKnownFileType = text.plist.xml; path = Info.plist; sourceTree = "<group>"; };
		31A3D186235376D9000344AA /* main.m */ = {isa = PBXFileReference; lastKnownFileType = sourcecode.c.objc; path = main.m; sourceTree = "<group>"; };
		31A3D188235376D9000344AA /* XmpObjcTest_Pod.entitlements */ = {isa = PBXFileReference; lastKnownFileType = text.plist.entitlements; path = XmpObjcTest_Pod.entitlements; sourceTree = "<group>"; };
		38018C04CBC2655677F848D6 /* Pods-IMProcessingXmp-Pod.debug.xcconfig */ = {isa = PBXFileReference; includeInIndex = 1; lastKnownFileType = text.xcconfig; name = "Pods-IMProcessingXmp-Pod.debug.xcconfig"; path = "Target Support Files/Pods-IMProcessingXmp-Pod/Pods-IMProcessingXmp-Pod.debug.xcconfig"; sourceTree = "<group>"; };
		38F9E68E7142D8281DF61782 /* Pods_IMProcessingXmp_Pod.framework */ = {isa = PBXFileReference; explicitFileType = wrapper.framework; includeInIndex = 0; path = Pods_IMProcessingXmp_Pod.framework; sourceTree = BUILT_PRODUCTS_DIR; };
		4932B58763C52C89DE79C218 /* Pods-XmpObjcTest-Pod.debug.xcconfig */ = {isa = PBXFileReference; includeInIndex = 1; lastKnownFileType = text.xcconfig; name = "Pods-XmpObjcTest-Pod.debug.xcconfig"; path = "Target Support Files/Pods-XmpObjcTest-Pod/Pods-XmpObjcTest-Pod.debug.xcconfig"; sourceTree = "<group>"; };
		65ECCBE31EB690EA3D9F113E /* Pods_XmpObjcTest_Pod.framework */ = {isa = PBXFileReference; explicitFileType = wrapper.framework; includeInIndex = 0; path = Pods_XmpObjcTest_Pod.framework; sourceTree = BUILT_PRODUCTS_DIR; };
		68427D29B9A387345C83D62D /* Pods_IMProcessingXmp_PodTests.framework */ = {isa = PBXFileReference; explicitFileType = wrapper.framework; includeInIndex = 0; path = Pods_IMProcessingXmp_PodTests.framework; sourceTree = BUILT_PRODUCTS_DIR; };
		6B391624EBA7F5571A8A04CC /* Pods-IMProcessingXmp-PodTests.debug.xcconfig */ = {isa = PBXFileReference; includeInIndex = 1; lastKnownFileType = text.xcconfig; name = "Pods-IMProcessingXmp-PodTests.debug.xcconfig"; path = "Target Support Files/Pods-IMProcessingXmp-PodTests/Pods-IMProcessingXmp-PodTests.debug.xcconfig"; sourceTree = "<group>"; };
		8AE6A8299B7FC7D9D24DEEF0 /* Pods-XmpObjcTest-Pod.release.xcconfig */ = {isa = PBXFileReference; includeInIndex = 1; lastKnownFileType = text.xcconfig; name = "Pods-XmpObjcTest-Pod.release.xcconfig"; path = "Target Support Files/Pods-XmpObjcTest-Pod/Pods-XmpObjcTest-Pod.release.xcconfig"; sourceTree = "<group>"; };
		AB53FB9BA22510E7A0871667 /* Pods-IMProcessingXmp-PodTests.release.xcconfig */ = {isa = PBXFileReference; includeInIndex = 1; lastKnownFileType = text.xcconfig; name = "Pods-IMProcessingXmp-PodTests.release.xcconfig"; path = "Target Support Files/Pods-IMProcessingXmp-PodTests/Pods-IMProcessingXmp-PodTests.release.xcconfig"; sourceTree = "<group>"; };
		D9D5547531647A7396B8A786 /* Pods-IMProcessingXmp-Pod.release.xcconfig */ = {isa = PBXFileReference; includeInIndex = 1; lastKnownFileType = text.xcconfig; name = "Pods-IMProcessingXmp-Pod.release.xcconfig"; path = "Target Support Files/Pods-IMProcessingXmp-Pod/Pods-IMProcessingXmp-Pod.release.xcconfig"; sourceTree = "<group>"; };
/* End PBXFileReference section */

/* Begin PBXFrameworksBuildPhase section */
		317AB19F21E9D8B500A04B68 /* Frameworks */ = {
			isa = PBXFrameworksBuildPhase;
			buildActionMask = 2147483647;
			files = (
				EF4619A67F4A9BF39D1E2749 /* Pods_IMProcessingXmp_Pod.framework in Frameworks */,
			);
			runOnlyForDeploymentPostprocessing = 0;
		};
		317AB1AF21E9D8B500A04B68 /* Frameworks */ = {
			isa = PBXFrameworksBuildPhase;
			buildActionMask = 2147483647;
			files = (
				C5B1BBBEE503948116ECCA85 /* Pods_IMProcessingXmp_PodTests.framework in Frameworks */,
			);
			runOnlyForDeploymentPostprocessing = 0;
		};
		31A3D175235376D8000344AA /* Frameworks */ = {
			isa = PBXFrameworksBuildPhase;
			buildActionMask = 2147483647;
			files = (
				703E3FA100FD6D5F429CC43A /* Pods_XmpObjcTest_Pod.framework in Frameworks */,
			);
			runOnlyForDeploymentPostprocessing = 0;
		};
/* End PBXFrameworksBuildPhase section */

/* Begin PBXGroup section */
		28ED027732470491F19BF8FA /* Pods */ = {
			isa = PBXGroup;
			children = (
				38018C04CBC2655677F848D6 /* Pods-IMProcessingXmp-Pod.debug.xcconfig */,
				D9D5547531647A7396B8A786 /* Pods-IMProcessingXmp-Pod.release.xcconfig */,
				6B391624EBA7F5571A8A04CC /* Pods-IMProcessingXmp-PodTests.debug.xcconfig */,
				AB53FB9BA22510E7A0871667 /* Pods-IMProcessingXmp-PodTests.release.xcconfig */,
				4932B58763C52C89DE79C218 /* Pods-XmpObjcTest-Pod.debug.xcconfig */,
				8AE6A8299B7FC7D9D24DEEF0 /* Pods-XmpObjcTest-Pod.release.xcconfig */,
			);
			path = Pods;
			sourceTree = "<group>";
		};
		313E137121EA302900D9A281 /* Meta */ = {
			isa = PBXGroup;
			children = (
				313E137921EA31BD00D9A281 /* LutType.swift */,
				313E137421EA30DA00D9A281 /* IMProcessingXmp-Pod-Bridging-Header.h */,
				313E137821EA31A400D9A281 /* Model */,
			);
			path = Meta;
			sourceTree = "<group>";
		};
		313E137821EA31A400D9A281 /* Model */ = {
			isa = PBXGroup;
			children = (
				313E137521EA30DA00D9A281 /* LutTypeModel.h */,
				313E137621EA30DA00D9A281 /* LutTypeModel.m */,
			);
			path = Model;
			sourceTree = "<group>";
		};
		317AB19921E9D8B400A04B68 = {
			isa = PBXGroup;
			children = (
				313E136F21EA2A0800D9A281 /* README.md */,
				317AB1A421E9D8B500A04B68 /* IMProcessingXmp-Pod */,
				317AB1B521E9D8B500A04B68 /* IMProcessingXmp-PodTests */,
				31A3D179235376D8000344AA /* XmpObjcTest-Pod */,
				317AB1A321E9D8B500A04B68 /* Products */,
				28ED027732470491F19BF8FA /* Pods */,
				4281AA39137FCD92B5CD8F64 /* Frameworks */,
			);
			sourceTree = "<group>";
		};
		317AB1A321E9D8B500A04B68 /* Products */ = {
			isa = PBXGroup;
			children = (
				317AB1A221E9D8B500A04B68 /* IMProcessingXmp-Pod.app */,
				317AB1B221E9D8B500A04B68 /* IMProcessingXmp-PodTests.xctest */,
				31A3D178235376D8000344AA /* XmpObjcTest-Pod.app */,
			);
			name = Products;
			sourceTree = "<group>";
		};
		317AB1A421E9D8B500A04B68 /* IMProcessingXmp-Pod */ = {
			isa = PBXGroup;
			children = (
				313E137B21EA39E800D9A281 /* IMProcessingXmp-Pod.entitlements */,
				313E137121EA302900D9A281 /* Meta */,
				317AB1A521E9D8B500A04B68 /* AppDelegate.swift */,
				317AB1A721E9D8B500A04B68 /* Assets.xcassets */,
				317AB1A921E9D8B500A04B68 /* MainMenu.xib */,
				317AB1AC21E9D8B500A04B68 /* Info.plist */,
				317AB1AD21E9D8B500A04B68 /* IMProcessingXmp_Pod.entitlements */,
			);
			path = "IMProcessingXmp-Pod";
			sourceTree = "<group>";
		};
		317AB1B521E9D8B500A04B68 /* IMProcessingXmp-PodTests */ = {
			isa = PBXGroup;
			children = (
				317AB1B621E9D8B500A04B68 /* IMProcessingXmp_PodTests.swift */,
				317AB1B821E9D8B500A04B68 /* Info.plist */,
			);
			path = "IMProcessingXmp-PodTests";
			sourceTree = "<group>";
		};
		31A3D179235376D8000344AA /* XmpObjcTest-Pod */ = {
			isa = PBXGroup;
			children = (
				31A3D17A235376D8000344AA /* AppDelegate.h */,
				31A3D17B235376D8000344AA /* AppDelegate.m */,
				31A3D17D235376D8000344AA /* ViewController.h */,
				31A3D17E235376D8000344AA /* ViewController.m */,
				31A3D180235376D9000344AA /* Assets.xcassets */,
				31A3D182235376D9000344AA /* Main.storyboard */,
				31A3D185235376D9000344AA /* Info.plist */,
				31A3D186235376D9000344AA /* main.m */,
				31A3D188235376D9000344AA /* XmpObjcTest_Pod.entitlements */,
			);
			path = "XmpObjcTest-Pod";
			sourceTree = "<group>";
		};
		4281AA39137FCD92B5CD8F64 /* Frameworks */ = {
			isa = PBXGroup;
			children = (
				38F9E68E7142D8281DF61782 /* Pods_IMProcessingXmp_Pod.framework */,
				68427D29B9A387345C83D62D /* Pods_IMProcessingXmp_PodTests.framework */,
				65ECCBE31EB690EA3D9F113E /* Pods_XmpObjcTest_Pod.framework */,
			);
			name = Frameworks;
			sourceTree = "<group>";
		};
/* End PBXGroup section */

/* Begin PBXNativeTarget section */
		317AB1A121E9D8B500A04B68 /* IMProcessingXmp-Pod */ = {
			isa = PBXNativeTarget;
			buildConfigurationList = 317AB1BB21E9D8B500A04B68 /* Build configuration list for PBXNativeTarget "IMProcessingXmp-Pod" */;
			buildPhases = (
				B0637E02488C51D8144B8111 /* [CP] Check Pods Manifest.lock */,
				317AB19E21E9D8B500A04B68 /* Sources */,
				317AB19F21E9D8B500A04B68 /* Frameworks */,
				317AB1A021E9D8B500A04B68 /* Resources */,
				2ABA3BB157704419FC250EAD /* [CP] Embed Pods Frameworks */,
			);
			buildRules = (
			);
			dependencies = (
			);
			name = "IMProcessingXmp-Pod";
			productName = "IMProcessingXmp-Pod";
			productReference = 317AB1A221E9D8B500A04B68 /* IMProcessingXmp-Pod.app */;
			productType = "com.apple.product-type.application";
		};
		317AB1B121E9D8B500A04B68 /* IMProcessingXmp-PodTests */ = {
			isa = PBXNativeTarget;
			buildConfigurationList = 317AB1BE21E9D8B500A04B68 /* Build configuration list for PBXNativeTarget "IMProcessingXmp-PodTests" */;
			buildPhases = (
				2DED7780D6748A893CDF9D59 /* [CP] Check Pods Manifest.lock */,
				317AB1AE21E9D8B500A04B68 /* Sources */,
				317AB1AF21E9D8B500A04B68 /* Frameworks */,
				317AB1B021E9D8B500A04B68 /* Resources */,
				0E30F67E33BE0932AB127B9C /* [CP] Embed Pods Frameworks */,
			);
			buildRules = (
			);
			dependencies = (
				317AB1B421E9D8B500A04B68 /* PBXTargetDependency */,
			);
			name = "IMProcessingXmp-PodTests";
			productName = "IMProcessingXmp-PodTests";
			productReference = 317AB1B221E9D8B500A04B68 /* IMProcessingXmp-PodTests.xctest */;
			productType = "com.apple.product-type.bundle.unit-test";
		};
		31A3D177235376D8000344AA /* XmpObjcTest-Pod */ = {
			isa = PBXNativeTarget;
			buildConfigurationList = 31A3D18B235376D9000344AA /* Build configuration list for PBXNativeTarget "XmpObjcTest-Pod" */;
			buildPhases = (
				E629DB5A337BA76758756D41 /* [CP] Check Pods Manifest.lock */,
				31A3D174235376D8000344AA /* Sources */,
				31A3D175235376D8000344AA /* Frameworks */,
				31A3D176235376D8000344AA /* Resources */,
				14887D9907B1C4D41BCC86E6 /* [CP] Embed Pods Frameworks */,
			);
			buildRules = (
			);
			dependencies = (
			);
			name = "XmpObjcTest-Pod";
			productName = "XmpObjcTest-Pod";
			productReference = 31A3D178235376D8000344AA /* XmpObjcTest-Pod.app */;
			productType = "com.apple.product-type.application";
		};
/* End PBXNativeTarget section */

/* Begin PBXProject section */
		317AB19A21E9D8B400A04B68 /* Project object */ = {
			isa = PBXProject;
			attributes = {
				LastSwiftUpdateCheck = 1010;
				LastUpgradeCheck = 1110;
				ORGANIZATIONNAME = Dehancer;
				TargetAttributes = {
					317AB1A121E9D8B500A04B68 = {
						CreatedOnToolsVersion = 10.1;
						LastSwiftMigration = 1110;
						SystemCapabilities = {
							com.apple.Sandbox = {
								enabled = 0;
							};
						};
					};
					317AB1B121E9D8B500A04B68 = {
						CreatedOnToolsVersion = 10.1;
						LastSwiftMigration = 1110;
						TestTargetID = 317AB1A121E9D8B500A04B68;
					};
					31A3D177235376D8000344AA = {
						CreatedOnToolsVersion = 11.1;
					};
				};
			};
			buildConfigurationList = 317AB19D21E9D8B400A04B68 /* Build configuration list for PBXProject "IMProcessingXmp-Pod" */;
			compatibilityVersion = "Xcode 9.3";
			developmentRegion = en;
			hasScannedForEncodings = 0;
			knownRegions = (
				en,
				Base,
			);
			mainGroup = 317AB19921E9D8B400A04B68;
			productRefGroup = 317AB1A321E9D8B500A04B68 /* Products */;
			projectDirPath = "";
			projectRoot = "";
			targets = (
				317AB1A121E9D8B500A04B68 /* IMProcessingXmp-Pod */,
				317AB1B121E9D8B500A04B68 /* IMProcessingXmp-PodTests */,
				31A3D177235376D8000344AA /* XmpObjcTest-Pod */,
			);
		};
/* End PBXProject section */

/* Begin PBXResourcesBuildPhase section */
		317AB1A021E9D8B500A04B68 /* Resources */ = {
			isa = PBXResourcesBuildPhase;
			buildActionMask = 2147483647;
			files = (
				313E137021EA2A0800D9A281 /* README.md in Resources */,
				317AB1A821E9D8B500A04B68 /* Assets.xcassets in Resources */,
				317AB1AB21E9D8B500A04B68 /* MainMenu.xib in Resources */,
			);
			runOnlyForDeploymentPostprocessing = 0;
		};
		317AB1B021E9D8B500A04B68 /* Resources */ = {
			isa = PBXResourcesBuildPhase;
			buildActionMask = 2147483647;
			files = (
			);
			runOnlyForDeploymentPostprocessing = 0;
		};
		31A3D176235376D8000344AA /* Resources */ = {
			isa = PBXResourcesBuildPhase;
			buildActionMask = 2147483647;
			files = (
				31A3D181235376D9000344AA /* Assets.xcassets in Resources */,
				31A3D184235376D9000344AA /* Main.storyboard in Resources */,
			);
			runOnlyForDeploymentPostprocessing = 0;
		};
/* End PBXResourcesBuildPhase section */

/* Begin PBXShellScriptBuildPhase section */
		0E30F67E33BE0932AB127B9C /* [CP] Embed Pods Frameworks */ = {
			isa = PBXShellScriptBuildPhase;
			buildActionMask = 2147483647;
			files = (
			);
			inputFileListPaths = (
				"${PODS_ROOT}/Target Support Files/Pods-IMProcessingXmp-PodTests/Pods-IMProcessingXmp-PodTests-frameworks-${CONFIGURATION}-input-files.xcfilelist",
			);
			name = "[CP] Embed Pods Frameworks";
			outputFileListPaths = (
				"${PODS_ROOT}/Target Support Files/Pods-IMProcessingXmp-PodTests/Pods-IMProcessingXmp-PodTests-frameworks-${CONFIGURATION}-output-files.xcfilelist",
			);
			runOnlyForDeploymentPostprocessing = 0;
			shellPath = /bin/sh;
			shellScript = "\"${PODS_ROOT}/Target Support Files/Pods-IMProcessingXmp-PodTests/Pods-IMProcessingXmp-PodTests-frameworks.sh\"\n";
			showEnvVarsInLog = 0;
		};
		14887D9907B1C4D41BCC86E6 /* [CP] Embed Pods Frameworks */ = {
			isa = PBXShellScriptBuildPhase;
			buildActionMask = 2147483647;
			files = (
			);
			inputFileListPaths = (
				"${PODS_ROOT}/Target Support Files/Pods-XmpObjcTest-Pod/Pods-XmpObjcTest-Pod-frameworks-${CONFIGURATION}-input-files.xcfilelist",
			);
			name = "[CP] Embed Pods Frameworks";
			outputFileListPaths = (
				"${PODS_ROOT}/Target Support Files/Pods-XmpObjcTest-Pod/Pods-XmpObjcTest-Pod-frameworks-${CONFIGURATION}-output-files.xcfilelist",
			);
			runOnlyForDeploymentPostprocessing = 0;
			shellPath = /bin/sh;
			shellScript = "\"${PODS_ROOT}/Target Support Files/Pods-XmpObjcTest-Pod/Pods-XmpObjcTest-Pod-frameworks.sh\"\n";
			showEnvVarsInLog = 0;
		};
		2ABA3BB157704419FC250EAD /* [CP] Embed Pods Frameworks */ = {
			isa = PBXShellScriptBuildPhase;
			buildActionMask = 2147483647;
			files = (
			);
			inputFileListPaths = (
				"${PODS_ROOT}/Target Support Files/Pods-IMProcessingXmp-Pod/Pods-IMProcessingXmp-Pod-frameworks-${CONFIGURATION}-input-files.xcfilelist",
			);
			name = "[CP] Embed Pods Frameworks";
			outputFileListPaths = (
				"${PODS_ROOT}/Target Support Files/Pods-IMProcessingXmp-Pod/Pods-IMProcessingXmp-Pod-frameworks-${CONFIGURATION}-output-files.xcfilelist",
			);
			runOnlyForDeploymentPostprocessing = 0;
			shellPath = /bin/sh;
			shellScript = "\"${PODS_ROOT}/Target Support Files/Pods-IMProcessingXmp-Pod/Pods-IMProcessingXmp-Pod-frameworks.sh\"\n";
			showEnvVarsInLog = 0;
		};
		2DED7780D6748A893CDF9D59 /* [CP] Check Pods Manifest.lock */ = {
			isa = PBXShellScriptBuildPhase;
			buildActionMask = 2147483647;
			files = (
			);
			inputFileListPaths = (
			);
			inputPaths = (
				"${PODS_PODFILE_DIR_PATH}/Podfile.lock",
				"${PODS_ROOT}/Manifest.lock",
			);
			name = "[CP] Check Pods Manifest.lock";
			outputFileListPaths = (
			);
			outputPaths = (
				"$(DERIVED_FILE_DIR)/Pods-IMProcessingXmp-PodTests-checkManifestLockResult.txt",
			);
			runOnlyForDeploymentPostprocessing = 0;
			shellPath = /bin/sh;
			shellScript = "diff \"${PODS_PODFILE_DIR_PATH}/Podfile.lock\" \"${PODS_ROOT}/Manifest.lock\" > /dev/null\nif [ $? != 0 ] ; then\n    # print error to STDERR\n    echo \"error: The sandbox is not in sync with the Podfile.lock. Run 'pod install' or update your CocoaPods installation.\" >&2\n    exit 1\nfi\n# This output is used by Xcode 'outputs' to avoid re-running this script phase.\necho \"SUCCESS\" > \"${SCRIPT_OUTPUT_FILE_0}\"\n";
			showEnvVarsInLog = 0;
		};
		B0637E02488C51D8144B8111 /* [CP] Check Pods Manifest.lock */ = {
			isa = PBXShellScriptBuildPhase;
			buildActionMask = 2147483647;
			files = (
			);
			inputFileListPaths = (
			);
			inputPaths = (
				"${PODS_PODFILE_DIR_PATH}/Podfile.lock",
				"${PODS_ROOT}/Manifest.lock",
			);
			name = "[CP] Check Pods Manifest.lock";
			outputFileListPaths = (
			);
			outputPaths = (
				"$(DERIVED_FILE_DIR)/Pods-IMProcessingXmp-Pod-checkManifestLockResult.txt",
			);
			runOnlyForDeploymentPostprocessing = 0;
			shellPath = /bin/sh;
			shellScript = "diff \"${PODS_PODFILE_DIR_PATH}/Podfile.lock\" \"${PODS_ROOT}/Manifest.lock\" > /dev/null\nif [ $? != 0 ] ; then\n    # print error to STDERR\n    echo \"error: The sandbox is not in sync with the Podfile.lock. Run 'pod install' or update your CocoaPods installation.\" >&2\n    exit 1\nfi\n# This output is used by Xcode 'outputs' to avoid re-running this script phase.\necho \"SUCCESS\" > \"${SCRIPT_OUTPUT_FILE_0}\"\n";
			showEnvVarsInLog = 0;
		};
		E629DB5A337BA76758756D41 /* [CP] Check Pods Manifest.lock */ = {
			isa = PBXShellScriptBuildPhase;
			buildActionMask = 2147483647;
			files = (
			);
			inputFileListPaths = (
			);
			inputPaths = (
				"${PODS_PODFILE_DIR_PATH}/Podfile.lock",
				"${PODS_ROOT}/Manifest.lock",
			);
			name = "[CP] Check Pods Manifest.lock";
			outputFileListPaths = (
			);
			outputPaths = (
				"$(DERIVED_FILE_DIR)/Pods-XmpObjcTest-Pod-checkManifestLockResult.txt",
			);
			runOnlyForDeploymentPostprocessing = 0;
			shellPath = /bin/sh;
			shellScript = "diff \"${PODS_PODFILE_DIR_PATH}/Podfile.lock\" \"${PODS_ROOT}/Manifest.lock\" > /dev/null\nif [ $? != 0 ] ; then\n    # print error to STDERR\n    echo \"error: The sandbox is not in sync with the Podfile.lock. Run 'pod install' or update your CocoaPods installation.\" >&2\n    exit 1\nfi\n# This output is used by Xcode 'outputs' to avoid re-running this script phase.\necho \"SUCCESS\" > \"${SCRIPT_OUTPUT_FILE_0}\"\n";
			showEnvVarsInLog = 0;
		};
/* End PBXShellScriptBuildPhase section */

/* Begin PBXSourcesBuildPhase section */
		317AB19E21E9D8B500A04B68 /* Sources */ = {
			isa = PBXSourcesBuildPhase;
			buildActionMask = 2147483647;
			files = (
				317AB1A621E9D8B500A04B68 /* AppDelegate.swift in Sources */,
				313E137A21EA31BD00D9A281 /* LutType.swift in Sources */,
				313E137721EA30DA00D9A281 /* LutTypeModel.m in Sources */,
			);
			runOnlyForDeploymentPostprocessing = 0;
		};
		317AB1AE21E9D8B500A04B68 /* Sources */ = {
			isa = PBXSourcesBuildPhase;
			buildActionMask = 2147483647;
			files = (
				317AB1B721E9D8B500A04B68 /* IMProcessingXmp_PodTests.swift in Sources */,
			);
			runOnlyForDeploymentPostprocessing = 0;
		};
		31A3D174235376D8000344AA /* Sources */ = {
			isa = PBXSourcesBuildPhase;
			buildActionMask = 2147483647;
			files = (
				31A3D17F235376D8000344AA /* ViewController.m in Sources */,
				31A3D187235376D9000344AA /* main.m in Sources */,
				31A3D17C235376D8000344AA /* AppDelegate.m in Sources */,
			);
			runOnlyForDeploymentPostprocessing = 0;
		};
/* End PBXSourcesBuildPhase section */

/* Begin PBXTargetDependency section */
		317AB1B421E9D8B500A04B68 /* PBXTargetDependency */ = {
			isa = PBXTargetDependency;
			target = 317AB1A121E9D8B500A04B68 /* IMProcessingXmp-Pod */;
			targetProxy = 317AB1B321E9D8B500A04B68 /* PBXContainerItemProxy */;
		};
/* End PBXTargetDependency section */

/* Begin PBXVariantGroup section */
		317AB1A921E9D8B500A04B68 /* MainMenu.xib */ = {
			isa = PBXVariantGroup;
			children = (
				317AB1AA21E9D8B500A04B68 /* Base */,
			);
			name = MainMenu.xib;
			sourceTree = "<group>";
		};
		31A3D182235376D9000344AA /* Main.storyboard */ = {
			isa = PBXVariantGroup;
			children = (
				31A3D183235376D9000344AA /* Base */,
			);
			name = Main.storyboard;
			sourceTree = "<group>";
		};
/* End PBXVariantGroup section */

/* Begin XCBuildConfiguration section */
		317AB1B921E9D8B500A04B68 /* Debug */ = {
			isa = XCBuildConfiguration;
			buildSettings = {
				ALWAYS_SEARCH_USER_PATHS = NO;
				CLANG_ANALYZER_NONNULL = YES;
				CLANG_ANALYZER_NUMBER_OBJECT_CONVERSION = YES_AGGRESSIVE;
				CLANG_CXX_LANGUAGE_STANDARD = "gnu++14";
				CLANG_CXX_LIBRARY = "libc++";
				CLANG_ENABLE_MODULES = YES;
				CLANG_ENABLE_OBJC_ARC = YES;
				CLANG_ENABLE_OBJC_WEAK = YES;
				CLANG_WARN_BLOCK_CAPTURE_AUTORELEASING = YES;
				CLANG_WARN_BOOL_CONVERSION = YES;
				CLANG_WARN_COMMA = YES;
				CLANG_WARN_CONSTANT_CONVERSION = YES;
				CLANG_WARN_DEPRECATED_OBJC_IMPLEMENTATIONS = YES;
				CLANG_WARN_DIRECT_OBJC_ISA_USAGE = YES_ERROR;
				CLANG_WARN_DOCUMENTATION_COMMENTS = YES;
				CLANG_WARN_EMPTY_BODY = YES;
				CLANG_WARN_ENUM_CONVERSION = YES;
				CLANG_WARN_INFINITE_RECURSION = YES;
				CLANG_WARN_INT_CONVERSION = YES;
				CLANG_WARN_NON_LITERAL_NULL_CONVERSION = YES;
				CLANG_WARN_OBJC_IMPLICIT_RETAIN_SELF = YES;
				CLANG_WARN_OBJC_LITERAL_CONVERSION = YES;
				CLANG_WARN_OBJC_ROOT_CLASS = YES_ERROR;
				CLANG_WARN_RANGE_LOOP_ANALYSIS = YES;
				CLANG_WARN_STRICT_PROTOTYPES = YES;
				CLANG_WARN_SUSPICIOUS_MOVE = YES;
				CLANG_WARN_UNGUARDED_AVAILABILITY = YES_AGGRESSIVE;
				CLANG_WARN_UNREACHABLE_CODE = YES;
				CLANG_WARN__DUPLICATE_METHOD_MATCH = YES;
				CODE_SIGN_IDENTITY = "Mac Developer";
				COPY_PHASE_STRIP = NO;
				DEBUG_INFORMATION_FORMAT = dwarf;
				ENABLE_STRICT_OBJC_MSGSEND = YES;
				ENABLE_TESTABILITY = YES;
				GCC_C_LANGUAGE_STANDARD = gnu11;
				GCC_DYNAMIC_NO_PIC = NO;
				GCC_NO_COMMON_BLOCKS = YES;
				GCC_OPTIMIZATION_LEVEL = 0;
				GCC_PREPROCESSOR_DEFINITIONS = (
					"DEBUG=1",
					"$(inherited)",
				);
				GCC_WARN_64_TO_32_BIT_CONVERSION = YES;
				GCC_WARN_ABOUT_RETURN_TYPE = YES_ERROR;
				GCC_WARN_UNDECLARED_SELECTOR = YES;
				GCC_WARN_UNINITIALIZED_AUTOS = YES_AGGRESSIVE;
				GCC_WARN_UNUSED_FUNCTION = YES;
				GCC_WARN_UNUSED_VARIABLE = YES;
				MACOSX_DEPLOYMENT_TARGET = 10.14;
				MTL_ENABLE_DEBUG_INFO = INCLUDE_SOURCE;
				MTL_FAST_MATH = YES;
				ONLY_ACTIVE_ARCH = YES;
				SDKROOT = macosx;
				SWIFT_ACTIVE_COMPILATION_CONDITIONS = DEBUG;
				SWIFT_OPTIMIZATION_LEVEL = "-Onone";
			};
			name = Debug;
		};
		317AB1BA21E9D8B500A04B68 /* Release */ = {
			isa = XCBuildConfiguration;
			buildSettings = {
				ALWAYS_SEARCH_USER_PATHS = NO;
				CLANG_ANALYZER_NONNULL = YES;
				CLANG_ANALYZER_NUMBER_OBJECT_CONVERSION = YES_AGGRESSIVE;
				CLANG_CXX_LANGUAGE_STANDARD = "gnu++14";
				CLANG_CXX_LIBRARY = "libc++";
				CLANG_ENABLE_MODULES = YES;
				CLANG_ENABLE_OBJC_ARC = YES;
				CLANG_ENABLE_OBJC_WEAK = YES;
				CLANG_WARN_BLOCK_CAPTURE_AUTORELEASING = YES;
				CLANG_WARN_BOOL_CONVERSION = YES;
				CLANG_WARN_COMMA = YES;
				CLANG_WARN_CONSTANT_CONVERSION = YES;
				CLANG_WARN_DEPRECATED_OBJC_IMPLEMENTATIONS = YES;
				CLANG_WARN_DIRECT_OBJC_ISA_USAGE = YES_ERROR;
				CLANG_WARN_DOCUMENTATION_COMMENTS = YES;
				CLANG_WARN_EMPTY_BODY = YES;
				CLANG_WARN_ENUM_CONVERSION = YES;
				CLANG_WARN_INFINITE_RECURSION = YES;
				CLANG_WARN_INT_CONVERSION = YES;
				CLANG_WARN_NON_LITERAL_NULL_CONVERSION = YES;
				CLANG_WARN_OBJC_IMPLICIT_RETAIN_SELF = YES;
				CLANG_WARN_OBJC_LITERAL_CONVERSION = YES;
				CLANG_WARN_OBJC_ROOT_CLASS = YES_ERROR;
				CLANG_WARN_RANGE_LOOP_ANALYSIS = YES;
				CLANG_WARN_STRICT_PROTOTYPES = YES;
				CLANG_WARN_SUSPICIOUS_MOVE = YES;
				CLANG_WARN_UNGUARDED_AVAILABILITY = YES_AGGRESSIVE;
				CLANG_WARN_UNREACHABLE_CODE = YES;
				CLANG_WARN__DUPLICATE_METHOD_MATCH = YES;
				CODE_SIGN_IDENTITY = "Mac Developer";
				COPY_PHASE_STRIP = NO;
				DEBUG_INFORMATION_FORMAT = "dwarf-with-dsym";
				ENABLE_NS_ASSERTIONS = NO;
				ENABLE_STRICT_OBJC_MSGSEND = YES;
				GCC_C_LANGUAGE_STANDARD = gnu11;
				GCC_NO_COMMON_BLOCKS = YES;
				GCC_WARN_64_TO_32_BIT_CONVERSION = YES;
				GCC_WARN_ABOUT_RETURN_TYPE = YES_ERROR;
				GCC_WARN_UNDECLARED_SELECTOR = YES;
				GCC_WARN_UNINITIALIZED_AUTOS = YES_AGGRESSIVE;
				GCC_WARN_UNUSED_FUNCTION = YES;
				GCC_WARN_UNUSED_VARIABLE = YES;
				MACOSX_DEPLOYMENT_TARGET = 10.14;
				MTL_ENABLE_DEBUG_INFO = NO;
				MTL_FAST_MATH = YES;
				SDKROOT = macosx;
				SWIFT_COMPILATION_MODE = wholemodule;
				SWIFT_OPTIMIZATION_LEVEL = "-O";
			};
			name = Release;
		};
		317AB1BC21E9D8B500A04B68 /* Debug */ = {
			isa = XCBuildConfiguration;
			baseConfigurationReference = 38018C04CBC2655677F848D6 /* Pods-IMProcessingXmp-Pod.debug.xcconfig */;
			buildSettings = {
				ASSETCATALOG_COMPILER_APPICON_NAME = AppIcon;
				CLANG_ENABLE_MODULES = YES;
				CODE_SIGN_IDENTITY = "Mac Developer";
				CODE_SIGN_STYLE = Automatic;
				COMBINE_HIDPI_IMAGES = YES;
				DEVELOPMENT_TEAM = TCA85S5T49;
				ENABLE_HARDENED_RUNTIME = YES;
				INFOPLIST_FILE = "IMProcessingXmp-Pod/Info.plist";
				LD_RUNPATH_SEARCH_PATHS = (
					"$(inherited)",
					"@executable_path/../Frameworks",
				);
				PRODUCT_BUNDLE_IDENTIFIER = "Dehancer.IMProcessingXmp-Pod";
				PRODUCT_NAME = "$(TARGET_NAME)";
				PROVISIONING_PROFILE_SPECIFIER = "";
				SWIFT_OBJC_BRIDGING_HEADER = "IMProcessingXmp-Pod/Meta/IMProcessingXmp-Pod-Bridging-Header.h";
				SWIFT_OPTIMIZATION_LEVEL = "-Onone";
				SWIFT_VERSION = 5.0;
			};
			name = Debug;
		};
		317AB1BD21E9D8B500A04B68 /* Release */ = {
			isa = XCBuildConfiguration;
			baseConfigurationReference = D9D5547531647A7396B8A786 /* Pods-IMProcessingXmp-Pod.release.xcconfig */;
			buildSettings = {
				ASSETCATALOG_COMPILER_APPICON_NAME = AppIcon;
				CLANG_ENABLE_MODULES = YES;
				CODE_SIGN_IDENTITY = "Mac Developer";
				CODE_SIGN_STYLE = Automatic;
				COMBINE_HIDPI_IMAGES = YES;
				DEVELOPMENT_TEAM = TCA85S5T49;
				ENABLE_HARDENED_RUNTIME = YES;
				INFOPLIST_FILE = "IMProcessingXmp-Pod/Info.plist";
				LD_RUNPATH_SEARCH_PATHS = (
					"$(inherited)",
					"@executable_path/../Frameworks",
				);
				PRODUCT_BUNDLE_IDENTIFIER = "Dehancer.IMProcessingXmp-Pod";
				PRODUCT_NAME = "$(TARGET_NAME)";
				PROVISIONING_PROFILE_SPECIFIER = "";
				SWIFT_OBJC_BRIDGING_HEADER = "IMProcessingXmp-Pod/Meta/IMProcessingXmp-Pod-Bridging-Header.h";
				SWIFT_VERSION = 5.0;
			};
			name = Release;
		};
		317AB1BF21E9D8B500A04B68 /* Debug */ = {
			isa = XCBuildConfiguration;
			baseConfigurationReference = 6B391624EBA7F5571A8A04CC /* Pods-IMProcessingXmp-PodTests.debug.xcconfig */;
			buildSettings = {
				ALWAYS_EMBED_SWIFT_STANDARD_LIBRARIES = YES;
				BUNDLE_LOADER = "$(TEST_HOST)";
				CODE_SIGN_IDENTITY = "Mac Developer";
				CODE_SIGN_STYLE = Automatic;
				COMBINE_HIDPI_IMAGES = YES;
				DEVELOPMENT_TEAM = TCA85S5T49;
				INFOPLIST_FILE = "IMProcessingXmp-PodTests/Info.plist";
				LD_RUNPATH_SEARCH_PATHS = (
					"$(inherited)",
					"@executable_path/../Frameworks",
					"@loader_path/../Frameworks",
				);
				PRODUCT_BUNDLE_IDENTIFIER = "Dehancer.IMProcessingXmp-PodTests";
				PRODUCT_NAME = "$(TARGET_NAME)";
				PROVISIONING_PROFILE_SPECIFIER = "";
				SWIFT_VERSION = 5.0;
				TEST_HOST = "$(BUILT_PRODUCTS_DIR)/IMProcessingXmp-Pod.app/Contents/MacOS/IMProcessingXmp-Pod";
			};
			name = Debug;
		};
		317AB1C021E9D8B500A04B68 /* Release */ = {
			isa = XCBuildConfiguration;
			baseConfigurationReference = AB53FB9BA22510E7A0871667 /* Pods-IMProcessingXmp-PodTests.release.xcconfig */;
			buildSettings = {
				ALWAYS_EMBED_SWIFT_STANDARD_LIBRARIES = YES;
				BUNDLE_LOADER = "$(TEST_HOST)";
				CODE_SIGN_IDENTITY = "Mac Developer";
				CODE_SIGN_STYLE = Automatic;
				COMBINE_HIDPI_IMAGES = YES;
				DEVELOPMENT_TEAM = TCA85S5T49;
				INFOPLIST_FILE = "IMProcessingXmp-PodTests/Info.plist";
				LD_RUNPATH_SEARCH_PATHS = (
					"$(inherited)",
					"@executable_path/../Frameworks",
					"@loader_path/../Frameworks",
				);
				PRODUCT_BUNDLE_IDENTIFIER = "Dehancer.IMProcessingXmp-PodTests";
				PRODUCT_NAME = "$(TARGET_NAME)";
				PROVISIONING_PROFILE_SPECIFIER = "";
				SWIFT_VERSION = 5.0;
				TEST_HOST = "$(BUILT_PRODUCTS_DIR)/IMProcessingXmp-Pod.app/Contents/MacOS/IMProcessingXmp-Pod";
			};
			name = Release;
		};
		31A3D189235376D9000344AA /* Debug */ = {
			isa = XCBuildConfiguration;
			baseConfigurationReference = 4932B58763C52C89DE79C218 /* Pods-XmpObjcTest-Pod.debug.xcconfig */;
			buildSettings = {
				ASSETCATALOG_COMPILER_APPICON_NAME = AppIcon;
				CODE_SIGN_ENTITLEMENTS = "XmpObjcTest-Pod/XmpObjcTest_Pod.entitlements";
				CODE_SIGN_IDENTITY = "-";
				CODE_SIGN_STYLE = Automatic;
				COMBINE_HIDPI_IMAGES = YES;
				DEVELOPMENT_TEAM = TCA85S5T49;
				ENABLE_HARDENED_RUNTIME = YES;
				INFOPLIST_FILE = "XmpObjcTest-Pod/Info.plist";
				LD_RUNPATH_SEARCH_PATHS = (
					"$(inherited)",
					"@executable_path/../Frameworks",
				);
				PRODUCT_BUNDLE_IDENTIFIER = "com.dehancer.XmpObjcTest-Pod";
				PRODUCT_NAME = "$(TARGET_NAME)";
			};
			name = Debug;
		};
		31A3D18A235376D9000344AA /* Release */ = {
			isa = XCBuildConfiguration;
			baseConfigurationReference = 8AE6A8299B7FC7D9D24DEEF0 /* Pods-XmpObjcTest-Pod.release.xcconfig */;
			buildSettings = {
				ASSETCATALOG_COMPILER_APPICON_NAME = AppIcon;
				CODE_SIGN_ENTITLEMENTS = "XmpObjcTest-Pod/XmpObjcTest_Pod.entitlements";
				CODE_SIGN_IDENTITY = "-";
				CODE_SIGN_STYLE = Automatic;
				COMBINE_HIDPI_IMAGES = YES;
				DEVELOPMENT_TEAM = TCA85S5T49;
				ENABLE_HARDENED_RUNTIME = YES;
				INFOPLIST_FILE = "XmpObjcTest-Pod/Info.plist";
				LD_RUNPATH_SEARCH_PATHS = (
					"$(inherited)",
					"@executable_path/../Frameworks",
				);
				PRODUCT_BUNDLE_IDENTIFIER = "com.dehancer.XmpObjcTest-Pod";
				PRODUCT_NAME = "$(TARGET_NAME)";
			};
			name = Release;
		};
/* End XCBuildConfiguration section */

/* Begin XCConfigurationList section */
		317AB19D21E9D8B400A04B68 /* Build configuration list for PBXProject "IMProcessingXmp-Pod" */ = {
			isa = XCConfigurationList;
			buildConfigurations = (
				317AB1B921E9D8B500A04B68 /* Debug */,
				317AB1BA21E9D8B500A04B68 /* Release */,
			);
			defaultConfigurationIsVisible = 0;
			defaultConfigurationName = Release;
		};
		317AB1BB21E9D8B500A04B68 /* Build configuration list for PBXNativeTarget "IMProcessingXmp-Pod" */ = {
			isa = XCConfigurationList;
			buildConfigurations = (
				317AB1BC21E9D8B500A04B68 /* Debug */,
				317AB1BD21E9D8B500A04B68 /* Release */,
			);
			defaultConfigurationIsVisible = 0;
			defaultConfigurationName = Release;
		};
		317AB1BE21E9D8B500A04B68 /* Build configuration list for PBXNativeTarget "IMProcessingXmp-PodTests" */ = {
			isa = XCConfigurationList;
			buildConfigurations = (
				317AB1BF21E9D8B500A04B68 /* Debug */,
				317AB1C021E9D8B500A04B68 /* Release */,
			);
			defaultConfigurationIsVisible = 0;
			defaultConfigurationName = Release;
		};
		31A3D18B235376D9000344AA /* Build configuration list for PBXNativeTarget "XmpObjcTest-Pod" */ = {
			isa = XCConfigurationList;
			buildConfigurations = (
				31A3D189235376D9000344AA /* Debug */,
				31A3D18A235376D9000344AA /* Release */,
			);
			defaultConfigurationIsVisible = 0;
			defaultConfigurationName = Release;
		};
/* End XCConfigurationList section */
	};
	rootObject = 317AB19A21E9D8B400A04B68 /* Project object */;
}
